github.com/pyke369/golang-support v0.0.0-20251026165447-aff9d6a48c5c h1:OAw1HX158Bth+pmAjY60C9tn45HHV4mnvzW5MFTeV/A=
github.com/pyke369/golang-support v0.0.0-20251026165447-aff9d6a48c5c/go.mod h1:aQeLFgaR/7jrEJl6O6Y9U0Wi1/elTR9srhkazc5g9KI=
golang.org/x/sys v0.37.0 h1:fdNQudmxPjkdUTPnLn5mdQv7Zwvbvpaxqs831goi9kQ=
golang.org/x/sys v0.37.0/go.mod h1:OgkHotnGiDImocRcuBABYBEXf8A9a87e/uXjp9XT3ks=
